
Microsoft Visual Studio Solution File, Format Version 12.00
# Visual Studio Version 17
VisualStudioVersion = 17.12.35527.113 d17.12
MinimumVisualStudioVersion = 10.0.40219.1
Project("{FAE04EC0-301F-11D3-BF4B-00C04F79EFBC}") = "AwesomeGICBank", "AwesomeGICBank\AwesomeGICBank.csproj", "{CDD2855A-A00B-4BDA-B38F-8C9F929A1A40}"
EndProject
Project("{FAE04EC0-301F-11D3-BF4B-00C04F79EFBC}") = "AwesomeGICBank.Tests", "AwesomeGICBank.Tests\AwesomeGICBank.Tests.csproj", "{AE79CD4C-558F-4B0D-AAFF-8F7C794C41D2}"
EndProject
Global
	GlobalSection(SolutionConfigurationPlatforms) = preSolution
		Debug|Any CPU = Debug|Any CPU
		Release|Any CPU = Release|Any CPU
	EndGlobalSection
	GlobalSection(ProjectConfigurationPlatforms) = postSolution
		{CDD2855A-A00B-4BDA-B38F-8C9F929A1A40}.Debug|Any CPU.ActiveCfg = Debug|Any CPU
		{CDD2855A-A00B-4BDA-B38F-8C9F929A1A40}.Debug|Any CPU.Build.0 = Debug|Any CPU
		{CDD2855A-A00B-4BDA-B38F-8C9F929A1A40}.Release|Any CPU.ActiveCfg = Release|Any CPU
		{CDD2855A-A00B-4BDA-B38F-8C9F929A1A40}.Release|Any CPU.Build.0 = Release|Any CPU
		{AE79CD4C-558F-4B0D-AAFF-8F7C794C41D2}.Debug|Any CPU.ActiveCfg = Debug|Any CPU
		{AE79CD4C-558F-4B0D-AAFF-8F7C794C41D2}.Debug|Any CPU.Build.0 = Debug|Any CPU
		{AE79CD4C-558F-4B0D-AAFF-8F7C794C41D2}.Release|Any CPU.ActiveCfg = Release|Any CPU
		{AE79CD4C-558F-4B0D-AAFF-8F7C794C41D2}.Release|Any CPU.Build.0 = Release|Any CPU
	EndGlobalSection
	GlobalSection(SolutionProperties) = preSolution
		HideSolutionNode = FALSE
	EndGlobalSection
EndGlobal
